
Microsoft Visual Studio Solution File, Format Version 12.00
# Visual Studio Version 17
VisualStudioVersion = 17.3.32929.385
MinimumVisualStudioVersion = 10.0.40219.1
Project("{8BC9CEB8-8B4A-11D0-8D11-00A0C91BC942}") = "LearnVulkan", "LearnVulkan\LearnVulkan.vcxproj", "{DF2C4E3E-7C94-41DA-A575-8F1B16A0D7ED}"
EndProject
Global
	GlobalSection(SolutionConfigurationPlatforms) = preSolution
		Debug|x64 = Debug|x64
		Debug|x86 = Debug|x86
		Release|x64 = Release|x64
		Release|x86 = Release|x86
	EndGlobalSection
	GlobalSection(ProjectConfigurationPlatforms) = postSolution
		{DF2C4E3E-7C94-41DA-A575-8F1B16A0D7ED}.Debug|x64.ActiveCfg = Debug|x64
		{DF2C4E3E-7C94-41DA-A575-8F1B16A0D7ED}.Debug|x64.Build.0 = Debug|x64
		{DF2C4E3E-7C94-41DA-A575-8F1B16A0D7ED}.Debug|x86.ActiveCfg = Debug|Win32
		{DF2C4E3E-7C94-41DA-A575-8F1B16A0D7ED}.Debug|x86.Build.0 = Debug|Win32
		{DF2C4E3E-7C94-41DA-A575-8F1B16A0D7ED}.Release|x64.ActiveCfg = Release|x64
		{DF2C4E3E-7C94-41DA-A575-8F1B16A0D7ED}.Release|x64.Build.0 = Release|x64
		{DF2C4E3E-7C94-41DA-A575-8F1B16A0D7ED}.Release|x86.ActiveCfg = Release|Win32
		{DF2C4E3E-7C94-41DA-A575-8F1B16A0D7ED}.Release|x86.Build.0 = Release|Win32
	EndGlobalSection
	GlobalSection(SolutionProperties) = preSolution
		HideSolutionNode = FALSE
	EndGlobalSection
	GlobalSection(ExtensibilityGlobals) = postSolution
		SolutionGuid = {38BBFF40-B09F-4A51-B89A-605E87DAE4AD}
	EndGlobalSection
EndGlobal
